
Microsoft Visual Studio Solution File, Format Version 12.00
# Visual Studio Version 16
VisualStudioVersion = 25.0.1700.0
MinimumVisualStudioVersion = 10.0.40219.1
Project("{FAE04EC0-301F-11D3-BF4B-00C04F79EFBC}") = "Calculator", "Calculator\Calculator.csproj", "{F6059CAF-C08A-4ACD-9DC7-925EC06BAA42}"
EndProject
Project("{FAE04EC0-301F-11D3-BF4B-00C04F79EFBC}") = "Calculator.Tests", "Calculator.Tests\Calculator.Tests.csproj", "{1BA9FB2E-E343-4D34-BD47-303230AD4F73}"
EndProject
Global
	GlobalSection(SolutionConfigurationPlatforms) = preSolution
		Debug|Any CPU = Debug|Any CPU
		Release|Any CPU = Release|Any CPU
	EndGlobalSection
	GlobalSection(ProjectConfigurationPlatforms) = postSolution
		{F6059CAF-C08A-4ACD-9DC7-925EC06BAA42}.Debug|Any CPU.ActiveCfg = Debug|Any CPU
		{F6059CAF-C08A-4ACD-9DC7-925EC06BAA42}.Debug|Any CPU.Build.0 = Debug|Any CPU
		{F6059CAF-C08A-4ACD-9DC7-925EC06BAA42}.Release|Any CPU.ActiveCfg = Release|Any CPU
		{F6059CAF-C08A-4ACD-9DC7-925EC06BAA42}.Release|Any CPU.Build.0 = Release|Any CPU
		{1BA9FB2E-E343-4D34-BD47-303230AD4F73}.Debug|Any CPU.ActiveCfg = Debug|Any CPU
		{1BA9FB2E-E343-4D34-BD47-303230AD4F73}.Debug|Any CPU.Build.0 = Debug|Any CPU
		{1BA9FB2E-E343-4D34-BD47-303230AD4F73}.Release|Any CPU.ActiveCfg = Release|Any CPU
		{1BA9FB2E-E343-4D34-BD47-303230AD4F73}.Release|Any CPU.Build.0 = Release|Any CPU
	EndGlobalSection
	GlobalSection(SolutionProperties) = preSolution
		HideSolutionNode = FALSE
	EndGlobalSection
	GlobalSection(ExtensibilityGlobals) = postSolution
		SolutionGuid = {656BDD02-F6EE-4EDD-86FA-0799148B5D3A}
	EndGlobalSection
EndGlobal
